
Microsoft Visual Studio Solution File, Format Version 12.00
# Visual Studio Version 17
VisualStudioVersion = 17.5.33424.131
MinimumVisualStudioVersion = 10.0.40219.1
Project("{FAE04EC0-301F-11D3-BF4B-00C04F79EFBC}") = "CalculadoraAvancada", "CalculadoraAvançada\CalculadoraAvancada.csproj", "{147CB5A5-6E81-41AB-9FBF-26D46040B6C6}"
EndProject
Project("{FAE04EC0-301F-11D3-BF4B-00C04F79EFBC}") = "CalculadoraAvancadaTest", "CalculadoraAvancada\CalculadoraAvancadaTest.csproj", "{11636E37-3623-4828-ABD4-025391D4082E}"
EndProject
Global
	GlobalSection(SolutionConfigurationPlatforms) = preSolution
		Debug|Any CPU = Debug|Any CPU
		Release|Any CPU = Release|Any CPU
	EndGlobalSection
	GlobalSection(ProjectConfigurationPlatforms) = postSolution
		{147CB5A5-6E81-41AB-9FBF-26D46040B6C6}.Debug|Any CPU.ActiveCfg = Debug|Any CPU
		{147CB5A5-6E81-41AB-9FBF-26D46040B6C6}.Debug|Any CPU.Build.0 = Debug|Any CPU
		{147CB5A5-6E81-41AB-9FBF-26D46040B6C6}.Release|Any CPU.ActiveCfg = Release|Any CPU
		{147CB5A5-6E81-41AB-9FBF-26D46040B6C6}.Release|Any CPU.Build.0 = Release|Any CPU
		{11636E37-3623-4828-ABD4-025391D4082E}.Debug|Any CPU.ActiveCfg = Debug|Any CPU
		{11636E37-3623-4828-ABD4-025391D4082E}.Debug|Any CPU.Build.0 = Debug|Any CPU
		{11636E37-3623-4828-ABD4-025391D4082E}.Release|Any CPU.ActiveCfg = Release|Any CPU
		{11636E37-3623-4828-ABD4-025391D4082E}.Release|Any CPU.Build.0 = Release|Any CPU
	EndGlobalSection
	GlobalSection(SolutionProperties) = preSolution
		HideSolutionNode = FALSE
	EndGlobalSection
	GlobalSection(ExtensibilityGlobals) = postSolution
		SolutionGuid = {E84C75C9-9E40-4E3A-B65D-473D1D3C7A8D}
	EndGlobalSection
EndGlobal
