
Microsoft Visual Studio Solution File, Format Version 12.00
# Visual Studio Version 17
VisualStudioVersion = 17.5.33424.131
MinimumVisualStudioVersion = 10.0.40219.1
Project("{FAE04EC0-301F-11D3-BF4B-00C04F79EFBC}") = "TratExPersonalizadas", "TratExPersonalizadas\TratExPersonalizadas.csproj", "{FCC72B3F-C8FE-4177-B438-11BB11AC0871}"
EndProject
Global
	GlobalSection(SolutionConfigurationPlatforms) = preSolution
		Debug|Any CPU = Debug|Any CPU
		Release|Any CPU = Release|Any CPU
	EndGlobalSection
	GlobalSection(ProjectConfigurationPlatforms) = postSolution
		{FCC72B3F-C8FE-4177-B438-11BB11AC0871}.Debug|Any CPU.ActiveCfg = Debug|Any CPU
		{FCC72B3F-C8FE-4177-B438-11BB11AC0871}.Debug|Any CPU.Build.0 = Debug|Any CPU
		{FCC72B3F-C8FE-4177-B438-11BB11AC0871}.Release|Any CPU.ActiveCfg = Release|Any CPU
		{FCC72B3F-C8FE-4177-B438-11BB11AC0871}.Release|Any CPU.Build.0 = Release|Any CPU
	EndGlobalSection
	GlobalSection(SolutionProperties) = preSolution
		HideSolutionNode = FALSE
	EndGlobalSection
	GlobalSection(ExtensibilityGlobals) = postSolution
		SolutionGuid = {18622C89-25A8-4FD2-A562-A70B610F53CF}
	EndGlobalSection
EndGlobal
